// !$*UTF8*$!
{
	archiveVersion = 1;
	classes = {
	};
	objectVersion = 56;
	objects = {

/* Begin PBXBuildFile section */
		7C0336742C1B34E1009BF355 /* AppDelegate.swift in Sources */ = {isa = PBXBuildFile; fileRef = 7C0336732C1B34E1009BF355 /* AppDelegate.swift */; };
		7C0336762C1B34E1009BF355 /* SceneDelegate.swift in Sources */ = {isa = PBXBuildFile; fileRef = 7C0336752C1B34E1009BF355 /* SceneDelegate.swift */; };
		7C0336782C1B34E1009BF355 /* MovieListViewController.swift in Sources */ = {isa = PBXBuildFile; fileRef = 7C0336772C1B34E1009BF355 /* MovieListViewController.swift */; };
		7C03367E2C1B34E1009BF355 /* MovieList.xcdatamodeld in Sources */ = {isa = PBXBuildFile; fileRef = 7C03367C2C1B34E1009BF355 /* MovieList.xcdatamodeld */; };
		7C0336802C1B34E4009BF355 /* Assets.xcassets in Resources */ = {isa = PBXBuildFile; fileRef = 7C03367F2C1B34E4009BF355 /* Assets.xcassets */; };
		7C0336832C1B34E4009BF355 /* Base in Resources */ = {isa = PBXBuildFile; fileRef = 7C0336822C1B34E4009BF355 /* Base */; };
		7C03368E2C1B35FF009BF355 /* .gitignore in Resources */ = {isa = PBXBuildFile; fileRef = 7C03368D2C1B35FF009BF355 /* .gitignore */; };
		7C0336982C1B3D80009BF355 /* MovieListContentView.swift in Sources */ = {isa = PBXBuildFile; fileRef = 7C0336962C1B3D80009BF355 /* MovieListContentView.swift */; };
		7C0336992C1B3D80009BF355 /* MovieCollectionViewCell.swift in Sources */ = {isa = PBXBuildFile; fileRef = 7C0336972C1B3D80009BF355 /* MovieCollectionViewCell.swift */; };
		7C03369C2C1B3D8E009BF355 /* MovieModel.swift in Sources */ = {isa = PBXBuildFile; fileRef = 7C03369A2C1B3D8E009BF355 /* MovieModel.swift */; };
		7C03369E2C1B3E8D009BF355 /* MovieListCollectionViewDataSource.swift in Sources */ = {isa = PBXBuildFile; fileRef = 7C03369D2C1B3E8D009BF355 /* MovieListCollectionViewDataSource.swift */; };
		7C0336A02C1B3FE5009BF355 /* MovieListInteractor.swift in Sources */ = {isa = PBXBuildFile; fileRef = 7C03369F2C1B3FE5009BF355 /* MovieListInteractor.swift */; };
		7C0336A42C1B40C5009BF355 /* MovieListPresenter.swift in Sources */ = {isa = PBXBuildFile; fileRef = 7C0336A32C1B40C5009BF355 /* MovieListPresenter.swift */; };
		7CABAA222C1C706500DB98F0 /* MovieListAssembly.swift in Sources */ = {isa = PBXBuildFile; fileRef = 7CABAA212C1C706500DB98F0 /* MovieListAssembly.swift */; };
		7CABAA272C1CAE7D00DB98F0 /* MovieNetworkService.swift in Sources */ = {isa = PBXBuildFile; fileRef = 7CABAA262C1CAE7D00DB98F0 /* MovieNetworkService.swift */; };
		7CABAA292C1CAF3600DB98F0 /* MovieScheme.swift in Sources */ = {isa = PBXBuildFile; fileRef = 7CABAA282C1CAF3600DB98F0 /* MovieScheme.swift */; };
		7CABAA2B2C1CB45200DB98F0 /* JsonDecoderWrapper.swift in Sources */ = {isa = PBXBuildFile; fileRef = 7CABAA2A2C1CB45100DB98F0 /* JsonDecoderWrapper.swift */; };
		7CABAA2D2C1CC8F100DB98F0 /* ImageDownloader.swift in Sources */ = {isa = PBXBuildFile; fileRef = 7CABAA2C2C1CC8F100DB98F0 /* ImageDownloader.swift */; };
		7CABAA2F2C1D088B00DB98F0 /* NetworkErrors.swift in Sources */ = {isa = PBXBuildFile; fileRef = 7CABAA2E2C1D088B00DB98F0 /* NetworkErrors.swift */; };
		7CABAA352C1DDC7100DB98F0 /* FavoriteMoviesService.swift in Sources */ = {isa = PBXBuildFile; fileRef = 7CABAA342C1DDC7100DB98F0 /* FavoriteMoviesService.swift */; };
		7CABAA372C1DDCAA00DB98F0 /* FavoriteMovieCoreDataModel.swift in Sources */ = {isa = PBXBuildFile; fileRef = 7CABAA362C1DDCAA00DB98F0 /* FavoriteMovieCoreDataModel.swift */; };
		7CABAA392C1DE04900DB98F0 /* CoreDataErrors.swift in Sources */ = {isa = PBXBuildFile; fileRef = 7CABAA382C1DE04900DB98F0 /* CoreDataErrors.swift */; };
		7CABAA3C2C1DE5C600DB98F0 /* MovieListRouter.swift in Sources */ = {isa = PBXBuildFile; fileRef = 7CABAA3B2C1DE5C600DB98F0 /* MovieListRouter.swift */; };
		7CABAA3F2C1E151300DB98F0 /* ServiceLocator.swift in Sources */ = {isa = PBXBuildFile; fileRef = 7CABAA3E2C1E151300DB98F0 /* ServiceLocator.swift */; };
		7CABAA472C20728100DB98F0 /* FavoriteMoviesViewController.swift in Sources */ = {isa = PBXBuildFile; fileRef = 7CABAA462C20728100DB98F0 /* FavoriteMoviesViewController.swift */; };
		7CABAA492C20729800DB98F0 /* FavoriteMoviesContentView.swift in Sources */ = {isa = PBXBuildFile; fileRef = 7CABAA482C20729800DB98F0 /* FavoriteMoviesContentView.swift */; };
		7CABAA4B2C20730600DB98F0 /* FavoriteMoviesTableViewCell.swift in Sources */ = {isa = PBXBuildFile; fileRef = 7CABAA4A2C20730600DB98F0 /* FavoriteMoviesTableViewCell.swift */; };
		7CABAA502C207EC500DB98F0 /* FavoriteMovieModel.swift in Sources */ = {isa = PBXBuildFile; fileRef = 7CABAA4F2C207EC500DB98F0 /* FavoriteMovieModel.swift */; };
		7CABAA532C2080EF00DB98F0 /* TableViewDataSource.swift in Sources */ = {isa = PBXBuildFile; fileRef = 7CABAA522C2080EF00DB98F0 /* TableViewDataSource.swift */; };
		7CABAA552C20828400DB98F0 /* FavoriteMoviesInteractor.swift in Sources */ = {isa = PBXBuildFile; fileRef = 7CABAA542C20828400DB98F0 /* FavoriteMoviesInteractor.swift */; };
		7CABAA572C20829700DB98F0 /* FavoriteMoviesPresenter.swift in Sources */ = {isa = PBXBuildFile; fileRef = 7CABAA562C20829700DB98F0 /* FavoriteMoviesPresenter.swift */; };
		7CABAA5A2C20A6EB00DB98F0 /* FavoriteMoviesAssembly.swift in Sources */ = {isa = PBXBuildFile; fileRef = 7CABAA592C20A6EB00DB98F0 /* FavoriteMoviesAssembly.swift */; };
		7CABAA5E2C2303D900DB98F0 /* MovieDetailsViewController.swift in Sources */ = {isa = PBXBuildFile; fileRef = 7CABAA5D2C2303D900DB98F0 /* MovieDetailsViewController.swift */; };
		7CABAA602C23044100DB98F0 /* MovieDetailsContentView.swift in Sources */ = {isa = PBXBuildFile; fileRef = 7CABAA5F2C23044100DB98F0 /* MovieDetailsContentView.swift */; };
		7CABAA662C23053100DB98F0 /* LabelsFactory.swift in Sources */ = {isa = PBXBuildFile; fileRef = 7CABAA652C23053100DB98F0 /* LabelsFactory.swift */; };
		7CABAA682C23084000DB98F0 /* StackViewsFactory.swift in Sources */ = {isa = PBXBuildFile; fileRef = 7CABAA672C23084000DB98F0 /* StackViewsFactory.swift */; };
		7CABAA6D2C230B5E00DB98F0 /* MovieDetailsResponceScheme.swift in Sources */ = {isa = PBXBuildFile; fileRef = 7CABAA6C2C230B5E00DB98F0 /* MovieDetailsResponceScheme.swift */; };
		7CABAA6F2C230B9700DB98F0 /* MovieDetailsModel.swift in Sources */ = {isa = PBXBuildFile; fileRef = 7CABAA6E2C230B9700DB98F0 /* MovieDetailsModel.swift */; };
		7CABAA712C230C0D00DB98F0 /* MovieDetailsPresenter.swift in Sources */ = {isa = PBXBuildFile; fileRef = 7CABAA702C230C0D00DB98F0 /* MovieDetailsPresenter.swift */; };
		7CABAA732C230C4E00DB98F0 /* MovieDetailsInteractor.swift in Sources */ = {isa = PBXBuildFile; fileRef = 7CABAA722C230C4E00DB98F0 /* MovieDetailsInteractor.swift */; };
		7CABAA762C23161800DB98F0 /* MovieDetailsAssembly.swift in Sources */ = {isa = PBXBuildFile; fileRef = 7CABAA752C23161800DB98F0 /* MovieDetailsAssembly.swift */; };
		7CABAAC92C24658300DB98F0 /* FavoriteMoviesRouter.swift in Sources */ = {isa = PBXBuildFile; fileRef = 7CABAAC82C24658300DB98F0 /* FavoriteMoviesRouter.swift */; };
		7CABAACB2C2600C100DB98F0 /* Readme.md in Resources */ = {isa = PBXBuildFile; fileRef = 7CABAACA2C2600C100DB98F0 /* Readme.md */; };
/* End PBXBuildFile section */

/* Begin PBXFileReference section */
		7C0336702C1B34E1009BF355 /* MovieList.app */ = {isa = PBXFileReference; explicitFileType = wrapper.application; includeInIndex = 0; path = MovieList.app; sourceTree = BUILT_PRODUCTS_DIR; };
		7C0336732C1B34E1009BF355 /* AppDelegate.swift */ = {isa = PBXFileReference; lastKnownFileType = sourcecode.swift; path = AppDelegate.swift; sourceTree = "<group>"; };
		7C0336752C1B34E1009BF355 /* SceneDelegate.swift */ = {isa = PBXFileReference; lastKnownFileType = sourcecode.swift; path = SceneDelegate.swift; sourceTree = "<group>"; };
		7C0336772C1B34E1009BF355 /* MovieListViewController.swift */ = {isa = PBXFileReference; lastKnownFileType = sourcecode.swift; path = MovieListViewController.swift; sourceTree = "<group>"; };
		7C03367D2C1B34E1009BF355 /* MovieList.xcdatamodel */ = {isa = PBXFileReference; lastKnownFileType = wrapper.xcdatamodel; path = MovieList.xcdatamodel; sourceTree = "<group>"; };
		7C03367F2C1B34E4009BF355 /* Assets.xcassets */ = {isa = PBXFileReference; lastKnownFileType = folder.assetcatalog; path = Assets.xcassets; sourceTree = "<group>"; };
		7C0336822C1B34E4009BF355 /* Base */ = {isa = PBXFileReference; lastKnownFileType = file.storyboard; name = Base; path = Base.lproj/LaunchScreen.storyboard; sourceTree = "<group>"; };
		7C0336842C1B34E4009BF355 /* Info.plist */ = {isa = PBXFileReference; lastKnownFileType = text.plist.xml; path = Info.plist; sourceTree = "<group>"; };
		7C03368D2C1B35FF009BF355 /* .gitignore */ = {isa = PBXFileReference; fileEncoding = 4; lastKnownFileType = text; path = .gitignore; sourceTree = SOURCE_ROOT; };
		7C0336962C1B3D80009BF355 /* MovieListContentView.swift */ = {isa = PBXFileReference; fileEncoding = 4; lastKnownFileType = sourcecode.swift; path = MovieListContentView.swift; sourceTree = "<group>"; };
		7C0336972C1B3D80009BF355 /* MovieCollectionViewCell.swift */ = {isa = PBXFileReference; fileEncoding = 4; lastKnownFileType = sourcecode.swift; path = MovieCollectionViewCell.swift; sourceTree = "<group>"; };
		7C03369A2C1B3D8E009BF355 /* MovieModel.swift */ = {isa = PBXFileReference; fileEncoding = 4; lastKnownFileType = sourcecode.swift; path = MovieModel.swift; sourceTree = "<group>"; };
		7C03369D2C1B3E8D009BF355 /* MovieListCollectionViewDataSource.swift */ = {isa = PBXFileReference; lastKnownFileType = sourcecode.swift; path = MovieListCollectionViewDataSource.swift; sourceTree = "<group>"; };
		7C03369F2C1B3FE5009BF355 /* MovieListInteractor.swift */ = {isa = PBXFileReference; lastKnownFileType = sourcecode.swift; path = MovieListInteractor.swift; sourceTree = "<group>"; };
		7C0336A32C1B40C5009BF355 /* MovieListPresenter.swift */ = {isa = PBXFileReference; lastKnownFileType = sourcecode.swift; path = MovieListPresenter.swift; sourceTree = "<group>"; };
		7CABAA212C1C706500DB98F0 /* MovieListAssembly.swift */ = {isa = PBXFileReference; lastKnownFileType = sourcecode.swift; path = MovieListAssembly.swift; sourceTree = "<group>"; };
		7CABAA262C1CAE7D00DB98F0 /* MovieNetworkService.swift */ = {isa = PBXFileReference; lastKnownFileType = sourcecode.swift; path = MovieNetworkService.swift; sourceTree = "<group>"; };
		7CABAA282C1CAF3600DB98F0 /* MovieScheme.swift */ = {isa = PBXFileReference; lastKnownFileType = sourcecode.swift; path = MovieScheme.swift; sourceTree = "<group>"; };
		7CABAA2A2C1CB45100DB98F0 /* JsonDecoderWrapper.swift */ = {isa = PBXFileReference; lastKnownFileType = sourcecode.swift; path = JsonDecoderWrapper.swift; sourceTree = "<group>"; };
		7CABAA2C2C1CC8F100DB98F0 /* ImageDownloader.swift */ = {isa = PBXFileReference; lastKnownFileType = sourcecode.swift; path = ImageDownloader.swift; sourceTree = "<group>"; };
		7CABAA2E2C1D088B00DB98F0 /* NetworkErrors.swift */ = {isa = PBXFileReference; lastKnownFileType = sourcecode.swift; path = NetworkErrors.swift; sourceTree = "<group>"; };
		7CABAA342C1DDC7100DB98F0 /* FavoriteMoviesService.swift */ = {isa = PBXFileReference; lastKnownFileType = sourcecode.swift; path = FavoriteMoviesService.swift; sourceTree = "<group>"; };
		7CABAA362C1DDCAA00DB98F0 /* FavoriteMovieCoreDataModel.swift */ = {isa = PBXFileReference; lastKnownFileType = sourcecode.swift; path = FavoriteMovieCoreDataModel.swift; sourceTree = "<group>"; };
		7CABAA382C1DE04900DB98F0 /* CoreDataErrors.swift */ = {isa = PBXFileReference; lastKnownFileType = sourcecode.swift; path = CoreDataErrors.swift; sourceTree = "<group>"; };
		7CABAA3B2C1DE5C600DB98F0 /* MovieListRouter.swift */ = {isa = PBXFileReference; lastKnownFileType = sourcecode.swift; path = MovieListRouter.swift; sourceTree = "<group>"; };
		7CABAA3E2C1E151300DB98F0 /* ServiceLocator.swift */ = {isa = PBXFileReference; lastKnownFileType = sourcecode.swift; path = ServiceLocator.swift; sourceTree = "<group>"; };
		7CABAA462C20728100DB98F0 /* FavoriteMoviesViewController.swift */ = {isa = PBXFileReference; lastKnownFileType = sourcecode.swift; path = FavoriteMoviesViewController.swift; sourceTree = "<group>"; };
		7CABAA482C20729800DB98F0 /* FavoriteMoviesContentView.swift */ = {isa = PBXFileReference; lastKnownFileType = sourcecode.swift; path = FavoriteMoviesContentView.swift; sourceTree = "<group>"; };
		7CABAA4A2C20730600DB98F0 /* FavoriteMoviesTableViewCell.swift */ = {isa = PBXFileReference; lastKnownFileType = sourcecode.swift; path = FavoriteMoviesTableViewCell.swift; sourceTree = "<group>"; };
		7CABAA4F2C207EC500DB98F0 /* FavoriteMovieModel.swift */ = {isa = PBXFileReference; lastKnownFileType = sourcecode.swift; path = FavoriteMovieModel.swift; sourceTree = "<group>"; };
		7CABAA522C2080EF00DB98F0 /* TableViewDataSource.swift */ = {isa = PBXFileReference; lastKnownFileType = sourcecode.swift; path = TableViewDataSource.swift; sourceTree = "<group>"; };
		7CABAA542C20828400DB98F0 /* FavoriteMoviesInteractor.swift */ = {isa = PBXFileReference; lastKnownFileType = sourcecode.swift; path = FavoriteMoviesInteractor.swift; sourceTree = "<group>"; };
		7CABAA562C20829700DB98F0 /* FavoriteMoviesPresenter.swift */ = {isa = PBXFileReference; lastKnownFileType = sourcecode.swift; path = FavoriteMoviesPresenter.swift; sourceTree = "<group>"; };
		7CABAA592C20A6EB00DB98F0 /* FavoriteMoviesAssembly.swift */ = {isa = PBXFileReference; lastKnownFileType = sourcecode.swift; path = FavoriteMoviesAssembly.swift; sourceTree = "<group>"; };
		7CABAA5D2C2303D900DB98F0 /* MovieDetailsViewController.swift */ = {isa = PBXFileReference; lastKnownFileType = sourcecode.swift; path = MovieDetailsViewController.swift; sourceTree = "<group>"; };
		7CABAA5F2C23044100DB98F0 /* MovieDetailsContentView.swift */ = {isa = PBXFileReference; lastKnownFileType = sourcecode.swift; path = MovieDetailsContentView.swift; sourceTree = "<group>"; };
		7CABAA652C23053100DB98F0 /* LabelsFactory.swift */ = {isa = PBXFileReference; lastKnownFileType = sourcecode.swift; path = LabelsFactory.swift; sourceTree = "<group>"; };
		7CABAA672C23084000DB98F0 /* StackViewsFactory.swift */ = {isa = PBXFileReference; lastKnownFileType = sourcecode.swift; path = StackViewsFactory.swift; sourceTree = "<group>"; };
		7CABAA6C2C230B5E00DB98F0 /* MovieDetailsResponceScheme.swift */ = {isa = PBXFileReference; lastKnownFileType = sourcecode.swift; path = MovieDetailsResponceScheme.swift; sourceTree = "<group>"; };
		7CABAA6E2C230B9700DB98F0 /* MovieDetailsModel.swift */ = {isa = PBXFileReference; lastKnownFileType = sourcecode.swift; path = MovieDetailsModel.swift; sourceTree = "<group>"; };
		7CABAA702C230C0D00DB98F0 /* MovieDetailsPresenter.swift */ = {isa = PBXFileReference; lastKnownFileType = sourcecode.swift; path = MovieDetailsPresenter.swift; sourceTree = "<group>"; };
		7CABAA722C230C4E00DB98F0 /* MovieDetailsInteractor.swift */ = {isa = PBXFileReference; lastKnownFileType = sourcecode.swift; path = MovieDetailsInteractor.swift; sourceTree = "<group>"; };
		7CABAA752C23161800DB98F0 /* MovieDetailsAssembly.swift */ = {isa = PBXFileReference; lastKnownFileType = sourcecode.swift; path = MovieDetailsAssembly.swift; sourceTree = "<group>"; };
		7CABAAC82C24658300DB98F0 /* FavoriteMoviesRouter.swift */ = {isa = PBXFileReference; lastKnownFileType = sourcecode.swift; path = FavoriteMoviesRouter.swift; sourceTree = "<group>"; };
		7CABAACA2C2600C100DB98F0 /* Readme.md */ = {isa = PBXFileReference; lastKnownFileType = net.daringfireball.markdown; path = Readme.md; sourceTree = "<group>"; };
/* End PBXFileReference section */

/* Begin PBXFrameworksBuildPhase section */
		7C03366D2C1B34E1009BF355 /* Frameworks */ = {
			isa = PBXFrameworksBuildPhase;
			buildActionMask = 2147483647;
			files = (
			);
			runOnlyForDeploymentPostprocessing = 0;
		};
/* End PBXFrameworksBuildPhase section */

/* Begin PBXGroup section */
		7C0336672C1B34E1009BF355 = {
			isa = PBXGroup;
			children = (
				7CABAA642C23052300DB98F0 /* Factories */,
				7CABAA5B2C22452800DB98F0 /* MovieDetailsScreen */,
				7CABAA402C2071A400DB98F0 /* FavoriteMoviesScreen */,
				7CABAA252C1CAE5000DB98F0 /* NetworkLayer */,
				7CABAA3D2C1E14FA00DB98F0 /* ServiceLocator */,
				7C03368C2C1B3573009BF355 /* CoreData */,
				7C03368A2C1B3555009BF355 /* MovieListScreen */,
				7C0336722C1B34E1009BF355 /* MovieList */,
				7C0336712C1B34E1009BF355 /* Products */,
			);
			sourceTree = "<group>";
		};
		7C0336712C1B34E1009BF355 /* Products */ = {
			isa = PBXGroup;
			children = (
				7C0336702C1B34E1009BF355 /* MovieList.app */,
			);
			name = Products;
			sourceTree = "<group>";
		};
		7C0336722C1B34E1009BF355 /* MovieList */ = {
			isa = PBXGroup;
			children = (
				7C0336732C1B34E1009BF355 /* AppDelegate.swift */,
				7C0336752C1B34E1009BF355 /* SceneDelegate.swift */,
				7C03367F2C1B34E4009BF355 /* Assets.xcassets */,
				7C0336812C1B34E4009BF355 /* LaunchScreen.storyboard */,
				7C0336842C1B34E4009BF355 /* Info.plist */,
				7C03368D2C1B35FF009BF355 /* .gitignore */,
				7CABAACA2C2600C100DB98F0 /* Readme.md */,
			);
			path = MovieList;
			sourceTree = "<group>";
		};
		7C03368A2C1B3555009BF355 /* MovieListScreen */ = {
			isa = PBXGroup;
			children = (
				7CABAA3A2C1DE5B500DB98F0 /* Router */,
				7CABAA332C1DDACF00DB98F0 /* PersistentStoreLayer */,
				7CABAA242C1CADBC00DB98F0 /* Assemblies */,
				7CABAA232C1CAD9800DB98F0 /* DataSource */,
				7C0336A22C1B40B8009BF355 /* Presenter */,
				7C03369B2C1B3D8E009BF355 /* Entity */,
				7C03368B2C1B355D009BF355 /* View */,
				7C0336A12C1B3FEF009BF355 /* Interactor */,
			);
			path = MovieListScreen;
			sourceTree = "<group>";
		};
		7C03368B2C1B355D009BF355 /* View */ = {
			isa = PBXGroup;
			children = (
				7C0336772C1B34E1009BF355 /* MovieListViewController.swift */,
				7C0336972C1B3D80009BF355 /* MovieCollectionViewCell.swift */,
				7C0336962C1B3D80009BF355 /* MovieListContentView.swift */,
			);
			path = View;
			sourceTree = "<group>";
		};
		7C03368C2C1B3573009BF355 /* CoreData */ = {
			isa = PBXGroup;
			children = (
				7C03367C2C1B34E1009BF355 /* MovieList.xcdatamodeld */,
			);
			path = CoreData;
			sourceTree = "<group>";
		};
		7C03369B2C1B3D8E009BF355 /* Entity */ = {
			isa = PBXGroup;
			children = (
				7C03369A2C1B3D8E009BF355 /* MovieModel.swift */,
				7CABAA282C1CAF3600DB98F0 /* MovieScheme.swift */,
				7CABAA362C1DDCAA00DB98F0 /* FavoriteMovieCoreDataModel.swift */,
			);
			path = Entity;
			sourceTree = "<group>";
		};
		7C0336A12C1B3FEF009BF355 /* Interactor */ = {
			isa = PBXGroup;
			children = (
				7C03369F2C1B3FE5009BF355 /* MovieListInteractor.swift */,
			);
			path = Interactor;
			sourceTree = "<group>";
		};
		7C0336A22C1B40B8009BF355 /* Presenter */ = {
			isa = PBXGroup;
			children = (
				7C0336A32C1B40C5009BF355 /* MovieListPresenter.swift */,
			);
			path = Presenter;
			sourceTree = "<group>";
		};
		7CABAA232C1CAD9800DB98F0 /* DataSource */ = {
			isa = PBXGroup;
			children = (
				7C03369D2C1B3E8D009BF355 /* MovieListCollectionViewDataSource.swift */,
			);
			path = DataSource;
			sourceTree = "<group>";
		};
		7CABAA242C1CADBC00DB98F0 /* Assemblies */ = {
			isa = PBXGroup;
			children = (
				7CABAA212C1C706500DB98F0 /* MovieListAssembly.swift */,
			);
			path = Assemblies;
			sourceTree = "<group>";
		};
		7CABAA252C1CAE5000DB98F0 /* NetworkLayer */ = {
			isa = PBXGroup;
			children = (
				7CABAA262C1CAE7D00DB98F0 /* MovieNetworkService.swift */,
				7CABAA2A2C1CB45100DB98F0 /* JsonDecoderWrapper.swift */,
				7CABAA2C2C1CC8F100DB98F0 /* ImageDownloader.swift */,
				7CABAA2E2C1D088B00DB98F0 /* NetworkErrors.swift */,
			);
			path = NetworkLayer;
			sourceTree = "<group>";
		};
		7CABAA332C1DDACF00DB98F0 /* PersistentStoreLayer */ = {
			isa = PBXGroup;
			children = (
				7CABAA342C1DDC7100DB98F0 /* FavoriteMoviesService.swift */,
				7CABAA382C1DE04900DB98F0 /* CoreDataErrors.swift */,
			);
			path = PersistentStoreLayer;
			sourceTree = "<group>";
		};
		7CABAA3A2C1DE5B500DB98F0 /* Router */ = {
			isa = PBXGroup;
			children = (
				7CABAA3B2C1DE5C600DB98F0 /* MovieListRouter.swift */,
			);
			path = Router;
			sourceTree = "<group>";
		};
		7CABAA3D2C1E14FA00DB98F0 /* ServiceLocator */ = {
			isa = PBXGroup;
			children = (
				7CABAA3E2C1E151300DB98F0 /* ServiceLocator.swift */,
			);
			path = ServiceLocator;
			sourceTree = "<group>";
		};
		7CABAA402C2071A400DB98F0 /* FavoriteMoviesScreen */ = {
			isa = PBXGroup;
			children = (
				7CABAAC72C24656E00DB98F0 /* Router */,
				7CABAA582C20A6CE00DB98F0 /* Assemblies */,
				7CABAA512C2080DE00DB98F0 /* DataSource */,
				7CABAA452C2071F600DB98F0 /* Entity */,
				7CABAA432C2071E800DB98F0 /* Interactor */,
				7CABAA422C2071E400DB98F0 /* Presenter */,
				7CABAA412C2071DC00DB98F0 /* View */,
			);
			path = FavoriteMoviesScreen;
			sourceTree = "<group>";
		};
		7CABAA412C2071DC00DB98F0 /* View */ = {
			isa = PBXGroup;
			children = (
				7CABAA462C20728100DB98F0 /* FavoriteMoviesViewController.swift */,
				7CABAA482C20729800DB98F0 /* FavoriteMoviesContentView.swift */,
				7CABAA4A2C20730600DB98F0 /* FavoriteMoviesTableViewCell.swift */,
			);
			path = View;
			sourceTree = "<group>";
		};
		7CABAA422C2071E400DB98F0 /* Presenter */ = {
			isa = PBXGroup;
			children = (
				7CABAA562C20829700DB98F0 /* FavoriteMoviesPresenter.swift */,
			);
			path = Presenter;
			sourceTree = "<group>";
		};
		7CABAA432C2071E800DB98F0 /* Interactor */ = {
			isa = PBXGroup;
			children = (
				7CABAA542C20828400DB98F0 /* FavoriteMoviesInteractor.swift */,
			);
			path = Interactor;
			sourceTree = "<group>";
		};
		7CABAA452C2071F600DB98F0 /* Entity */ = {
			isa = PBXGroup;
			children = (
				7CABAA4F2C207EC500DB98F0 /* FavoriteMovieModel.swift */,
			);
			path = Entity;
			sourceTree = "<group>";
		};
		7CABAA512C2080DE00DB98F0 /* DataSource */ = {
			isa = PBXGroup;
			children = (
				7CABAA522C2080EF00DB98F0 /* TableViewDataSource.swift */,
			);
			path = DataSource;
			sourceTree = "<group>";
		};
		7CABAA582C20A6CE00DB98F0 /* Assemblies */ = {
			isa = PBXGroup;
			children = (
				7CABAA592C20A6EB00DB98F0 /* FavoriteMoviesAssembly.swift */,
			);
			path = Assemblies;
			sourceTree = "<group>";
		};
		7CABAA5B2C22452800DB98F0 /* MovieDetailsScreen */ = {
			isa = PBXGroup;
			children = (
				7CABAA742C23161000DB98F0 /* Assemblies */,
				7CABAA6B2C230B1400DB98F0 /* Interactor */,
				7CABAA6A2C230B0F00DB98F0 /* Presenter */,
				7CABAA692C230B0900DB98F0 /* Entity */,
				7CABAA5C2C22453600DB98F0 /* View */,
			);
			path = MovieDetailsScreen;
			sourceTree = "<group>";
		};
		7CABAA5C2C22453600DB98F0 /* View */ = {
			isa = PBXGroup;
			children = (
				7CABAA5D2C2303D900DB98F0 /* MovieDetailsViewController.swift */,
				7CABAA5F2C23044100DB98F0 /* MovieDetailsContentView.swift */,
			);
			path = View;
			sourceTree = "<group>";
		};
		7CABAA642C23052300DB98F0 /* Factories */ = {
			isa = PBXGroup;
			children = (
				7CABAA652C23053100DB98F0 /* LabelsFactory.swift */,
				7CABAA672C23084000DB98F0 /* StackViewsFactory.swift */,
			);
			path = Factories;
			sourceTree = "<group>";
		};
		7CABAA692C230B0900DB98F0 /* Entity */ = {
			isa = PBXGroup;
			children = (
				7CABAA6C2C230B5E00DB98F0 /* MovieDetailsResponceScheme.swift */,
				7CABAA6E2C230B9700DB98F0 /* MovieDetailsModel.swift */,
			);
			path = Entity;
			sourceTree = "<group>";
		};
		7CABAA6A2C230B0F00DB98F0 /* Presenter */ = {
			isa = PBXGroup;
			children = (
				7CABAA702C230C0D00DB98F0 /* MovieDetailsPresenter.swift */,
			);
			path = Presenter;
			sourceTree = "<group>";
		};
		7CABAA6B2C230B1400DB98F0 /* Interactor */ = {
			isa = PBXGroup;
			children = (
				7CABAA722C230C4E00DB98F0 /* MovieDetailsInteractor.swift */,
			);
			path = Interactor;
			sourceTree = "<group>";
		};
		7CABAA742C23161000DB98F0 /* Assemblies */ = {
			isa = PBXGroup;
			children = (
				7CABAA752C23161800DB98F0 /* MovieDetailsAssembly.swift */,
			);
			path = Assemblies;
			sourceTree = "<group>";
		};
		7CABAAC72C24656E00DB98F0 /* Router */ = {
			isa = PBXGroup;
			children = (
				7CABAAC82C24658300DB98F0 /* FavoriteMoviesRouter.swift */,
			);
			path = Router;
			sourceTree = "<group>";
		};
/* End PBXGroup section */

/* Begin PBXNativeTarget section */
		7C03366F2C1B34E1009BF355 /* MovieList */ = {
			isa = PBXNativeTarget;
			buildConfigurationList = 7C0336872C1B34E4009BF355 /* Build configuration list for PBXNativeTarget "MovieList" */;
			buildPhases = (
				7C03366C2C1B34E1009BF355 /* Sources */,
				7C03366D2C1B34E1009BF355 /* Frameworks */,
				7C03366E2C1B34E1009BF355 /* Resources */,
			);
			buildRules = (
			);
			dependencies = (
			);
			name = MovieList;
			productName = MovieList;
			productReference = 7C0336702C1B34E1009BF355 /* MovieList.app */;
			productType = "com.apple.product-type.application";
		};
/* End PBXNativeTarget section */

/* Begin PBXProject section */
		7C0336682C1B34E1009BF355 /* Project object */ = {
			isa = PBXProject;
			attributes = {
				BuildIndependentTargetsInParallel = 1;
				LastSwiftUpdateCheck = 1530;
				LastUpgradeCheck = 1530;
				TargetAttributes = {
					7C03366F2C1B34E1009BF355 = {
						CreatedOnToolsVersion = 15.3;
					};
				};
			};
			buildConfigurationList = 7C03366B2C1B34E1009BF355 /* Build configuration list for PBXProject "MovieList" */;
			compatibilityVersion = "Xcode 14.0";
			developmentRegion = en;
			hasScannedForEncodings = 0;
			knownRegions = (
				en,
				Base,
			);
			mainGroup = 7C0336672C1B34E1009BF355;
			productRefGroup = 7C0336712C1B34E1009BF355 /* Products */;
			projectDirPath = "";
			projectRoot = "";
			targets = (
				7C03366F2C1B34E1009BF355 /* MovieList */,
			);
		};
/* End PBXProject section */

/* Begin PBXResourcesBuildPhase section */
		7C03366E2C1B34E1009BF355 /* Resources */ = {
			isa = PBXResourcesBuildPhase;
			buildActionMask = 2147483647;
			files = (
				7C0336802C1B34E4009BF355 /* Assets.xcassets in Resources */,
				7C03368E2C1B35FF009BF355 /* .gitignore in Resources */,
				7CABAACB2C2600C100DB98F0 /* Readme.md in Resources */,
				7C0336832C1B34E4009BF355 /* Base in Resources */,
			);
			runOnlyForDeploymentPostprocessing = 0;
		};
/* End PBXResourcesBuildPhase section */

/* Begin PBXSourcesBuildPhase section */
		7C03366C2C1B34E1009BF355 /* Sources */ = {
			isa = PBXSourcesBuildPhase;
			buildActionMask = 2147483647;
			files = (
				7CABAA532C2080EF00DB98F0 /* TableViewDataSource.swift in Sources */,
				7CABAA352C1DDC7100DB98F0 /* FavoriteMoviesService.swift in Sources */,
				7CABAA2B2C1CB45200DB98F0 /* JsonDecoderWrapper.swift in Sources */,
				7CABAA662C23053100DB98F0 /* LabelsFactory.swift in Sources */,
				7CABAA552C20828400DB98F0 /* FavoriteMoviesInteractor.swift in Sources */,
				7CABAA682C23084000DB98F0 /* StackViewsFactory.swift in Sources */,
				7CABAA2D2C1CC8F100DB98F0 /* ImageDownloader.swift in Sources */,
				7CABAA472C20728100DB98F0 /* FavoriteMoviesViewController.swift in Sources */,
				7CABAA3C2C1DE5C600DB98F0 /* MovieListRouter.swift in Sources */,
				7CABAA5E2C2303D900DB98F0 /* MovieDetailsViewController.swift in Sources */,
				7CABAA762C23161800DB98F0 /* MovieDetailsAssembly.swift in Sources */,
				7C03369E2C1B3E8D009BF355 /* MovieListCollectionViewDataSource.swift in Sources */,
				7CABAA732C230C4E00DB98F0 /* MovieDetailsInteractor.swift in Sources */,
				7CABAA2F2C1D088B00DB98F0 /* NetworkErrors.swift in Sources */,
				7C03369C2C1B3D8E009BF355 /* MovieModel.swift in Sources */,
				7CABAA372C1DDCAA00DB98F0 /* FavoriteMovieCoreDataModel.swift in Sources */,
				7CABAA4B2C20730600DB98F0 /* FavoriteMoviesTableViewCell.swift in Sources */,
				7C0336982C1B3D80009BF355 /* MovieListContentView.swift in Sources */,
				7CABAA712C230C0D00DB98F0 /* MovieDetailsPresenter.swift in Sources */,
				7C0336A02C1B3FE5009BF355 /* MovieListInteractor.swift in Sources */,
				7C0336782C1B34E1009BF355 /* MovieListViewController.swift in Sources */,
				7CABAA392C1DE04900DB98F0 /* CoreDataErrors.swift in Sources */,
				7C0336742C1B34E1009BF355 /* AppDelegate.swift in Sources */,
				7CABAA6D2C230B5E00DB98F0 /* MovieDetailsResponceScheme.swift in Sources */,
				7CABAAC92C24658300DB98F0 /* FavoriteMoviesRouter.swift in Sources */,
				7CABAA3F2C1E151300DB98F0 /* ServiceLocator.swift in Sources */,
				7CABAA602C23044100DB98F0 /* MovieDetailsContentView.swift in Sources */,
				7C0336992C1B3D80009BF355 /* MovieCollectionViewCell.swift in Sources */,
				7CABAA272C1CAE7D00DB98F0 /* MovieNetworkService.swift in Sources */,
				7C03367E2C1B34E1009BF355 /* MovieList.xcdatamodeld in Sources */,
				7C0336762C1B34E1009BF355 /* SceneDelegate.swift in Sources */,
				7CABAA222C1C706500DB98F0 /* MovieListAssembly.swift in Sources */,
				7CABAA5A2C20A6EB00DB98F0 /* FavoriteMoviesAssembly.swift in Sources */,
				7C0336A42C1B40C5009BF355 /* MovieListPresenter.swift in Sources */,
				7CABAA292C1CAF3600DB98F0 /* MovieScheme.swift in Sources */,
				7CABAA572C20829700DB98F0 /* FavoriteMoviesPresenter.swift in Sources */,
				7CABAA6F2C230B9700DB98F0 /* MovieDetailsModel.swift in Sources */,
				7CABAA502C207EC500DB98F0 /* FavoriteMovieModel.swift in Sources */,
				7CABAA492C20729800DB98F0 /* FavoriteMoviesContentView.swift in Sources */,
			);
			runOnlyForDeploymentPostprocessing = 0;
		};
/* End PBXSourcesBuildPhase section */

/* Begin PBXVariantGroup section */
		7C0336812C1B34E4009BF355 /* LaunchScreen.storyboard */ = {
			isa = PBXVariantGroup;
			children = (
				7C0336822C1B34E4009BF355 /* Base */,
			);
			name = LaunchScreen.storyboard;
			sourceTree = "<group>";
		};
/* End PBXVariantGroup section */

/* Begin XCBuildConfiguration section */
		7C0336852C1B34E4009BF355 /* Debug */ = {
			isa = XCBuildConfiguration;
			buildSettings = {
				ALWAYS_SEARCH_USER_PATHS = NO;
				ASSETCATALOG_COMPILER_GENERATE_SWIFT_ASSET_SYMBOL_EXTENSIONS = YES;
				CLANG_ANALYZER_NONNULL = YES;
				CLANG_ANALYZER_NUMBER_OBJECT_CONVERSION = YES_AGGRESSIVE;
				CLANG_CXX_LANGUAGE_STANDARD = "gnu++20";
				CLANG_ENABLE_MODULES = YES;
				CLANG_ENABLE_OBJC_ARC = YES;
				CLANG_ENABLE_OBJC_WEAK = YES;
				CLANG_WARN_BLOCK_CAPTURE_AUTORELEASING = YES;
				CLANG_WARN_BOOL_CONVERSION = YES;
				CLANG_WARN_COMMA = YES;
				CLANG_WARN_CONSTANT_CONVERSION = YES;
				CLANG_WARN_DEPRECATED_OBJC_IMPLEMENTATIONS = YES;
				CLANG_WARN_DIRECT_OBJC_ISA_USAGE = YES_ERROR;
				CLANG_WARN_DOCUMENTATION_COMMENTS = YES;
				CLANG_WARN_EMPTY_BODY = YES;
				CLANG_WARN_ENUM_CONVERSION = YES;
				CLANG_WARN_INFINITE_RECURSION = YES;
				CLANG_WARN_INT_CONVERSION = YES;
				CLANG_WARN_NON_LITERAL_NULL_CONVERSION = YES;
				CLANG_WARN_OBJC_IMPLICIT_RETAIN_SELF = YES;
				CLANG_WARN_OBJC_LITERAL_CONVERSION = YES;
				CLANG_WARN_OBJC_ROOT_CLASS = YES_ERROR;
				CLANG_WARN_QUOTED_INCLUDE_IN_FRAMEWORK_HEADER = YES;
				CLANG_WARN_RANGE_LOOP_ANALYSIS = YES;
				CLANG_WARN_STRICT_PROTOTYPES = YES;
				CLANG_WARN_SUSPICIOUS_MOVE = YES;
				CLANG_WARN_UNGUARDED_AVAILABILITY = YES_AGGRESSIVE;
				CLANG_WARN_UNREACHABLE_CODE = YES;
				CLANG_WARN__DUPLICATE_METHOD_MATCH = YES;
				COPY_PHASE_STRIP = NO;
				DEBUG_INFORMATION_FORMAT = dwarf;
				ENABLE_STRICT_OBJC_MSGSEND = YES;
				ENABLE_TESTABILITY = YES;
				ENABLE_USER_SCRIPT_SANDBOXING = YES;
				GCC_C_LANGUAGE_STANDARD = gnu17;
				GCC_DYNAMIC_NO_PIC = NO;
				GCC_NO_COMMON_BLOCKS = YES;
				GCC_OPTIMIZATION_LEVEL = 0;
				GCC_PREPROCESSOR_DEFINITIONS = (
					"DEBUG=1",
					"$(inherited)",
				);
				GCC_WARN_64_TO_32_BIT_CONVERSION = YES;
				GCC_WARN_ABOUT_RETURN_TYPE = YES_ERROR;
				GCC_WARN_UNDECLARED_SELECTOR = YES;
				GCC_WARN_UNINITIALIZED_AUTOS = YES_AGGRESSIVE;
				GCC_WARN_UNUSED_FUNCTION = YES;
				GCC_WARN_UNUSED_VARIABLE = YES;
				IPHONEOS_DEPLOYMENT_TARGET = 17.4;
				LOCALIZATION_PREFERS_STRING_CATALOGS = YES;
				MTL_ENABLE_DEBUG_INFO = INCLUDE_SOURCE;
				MTL_FAST_MATH = YES;
				ONLY_ACTIVE_ARCH = YES;
				SDKROOT = iphoneos;
				SWIFT_ACTIVE_COMPILATION_CONDITIONS = "DEBUG $(inherited)";
				SWIFT_OPTIMIZATION_LEVEL = "-Onone";
			};
			name = Debug;
		};
		7C0336862C1B34E4009BF355 /* Release */ = {
			isa = XCBuildConfiguration;
			buildSettings = {
				ALWAYS_SEARCH_USER_PATHS = NO;
				ASSETCATALOG_COMPILER_GENERATE_SWIFT_ASSET_SYMBOL_EXTENSIONS = YES;
				CLANG_ANALYZER_NONNULL = YES;
				CLANG_ANALYZER_NUMBER_OBJECT_CONVERSION = YES_AGGRESSIVE;
				CLANG_CXX_LANGUAGE_STANDARD = "gnu++20";
				CLANG_ENABLE_MODULES = YES;
				CLANG_ENABLE_OBJC_ARC = YES;
				CLANG_ENABLE_OBJC_WEAK = YES;
				CLANG_WARN_BLOCK_CAPTURE_AUTORELEASING = YES;
				CLANG_WARN_BOOL_CONVERSION = YES;
				CLANG_WARN_COMMA = YES;
				CLANG_WARN_CONSTANT_CONVERSION = YES;
				CLANG_WARN_DEPRECATED_OBJC_IMPLEMENTATIONS = YES;
				CLANG_WARN_DIRECT_OBJC_ISA_USAGE = YES_ERROR;
				CLANG_WARN_DOCUMENTATION_COMMENTS = YES;
				CLANG_WARN_EMPTY_BODY = YES;
				CLANG_WARN_ENUM_CONVERSION = YES;
				CLANG_WARN_INFINITE_RECURSION = YES;
				CLANG_WARN_INT_CONVERSION = YES;
				CLANG_WARN_NON_LITERAL_NULL_CONVERSION = YES;
				CLANG_WARN_OBJC_IMPLICIT_RETAIN_SELF = YES;
				CLANG_WARN_OBJC_LITERAL_CONVERSION = YES;
				CLANG_WARN_OBJC_ROOT_CLASS = YES_ERROR;
				CLANG_WARN_QUOTED_INCLUDE_IN_FRAMEWORK_HEADER = YES;
				CLANG_WARN_RANGE_LOOP_ANALYSIS = YES;
				CLANG_WARN_STRICT_PROTOTYPES = YES;
				CLANG_WARN_SUSPICIOUS_MOVE = YES;
				CLANG_WARN_UNGUARDED_AVAILABILITY = YES_AGGRESSIVE;
				CLANG_WARN_UNREACHABLE_CODE = YES;
				CLANG_WARN__DUPLICATE_METHOD_MATCH = YES;
				COPY_PHASE_STRIP = NO;
				DEBUG_INFORMATION_FORMAT = "dwarf-with-dsym";
				ENABLE_NS_ASSERTIONS = NO;
				ENABLE_STRICT_OBJC_MSGSEND = YES;
				ENABLE_USER_SCRIPT_SANDBOXING = YES;
				GCC_C_LANGUAGE_STANDARD = gnu17;
				GCC_NO_COMMON_BLOCKS = YES;
				GCC_WARN_64_TO_32_BIT_CONVERSION = YES;
				GCC_WARN_ABOUT_RETURN_TYPE = YES_ERROR;
				GCC_WARN_UNDECLARED_SELECTOR = YES;
				GCC_WARN_UNINITIALIZED_AUTOS = YES_AGGRESSIVE;
				GCC_WARN_UNUSED_FUNCTION = YES;
				GCC_WARN_UNUSED_VARIABLE = YES;
				IPHONEOS_DEPLOYMENT_TARGET = 17.4;
				LOCALIZATION_PREFERS_STRING_CATALOGS = YES;
				MTL_ENABLE_DEBUG_INFO = NO;
				MTL_FAST_MATH = YES;
				SDKROOT = iphoneos;
				SWIFT_COMPILATION_MODE = wholemodule;
				VALIDATE_PRODUCT = YES;
			};
			name = Release;
		};
		7C0336882C1B34E4009BF355 /* Debug */ = {
			isa = XCBuildConfiguration;
			buildSettings = {
				ASSETCATALOG_COMPILER_APPICON_NAME = AppIcon;
				ASSETCATALOG_COMPILER_GLOBAL_ACCENT_COLOR_NAME = AccentColor;
				CODE_SIGN_STYLE = Automatic;
				CURRENT_PROJECT_VERSION = 1;
				DEVELOPMENT_TEAM = 243GUG75DN;
				GENERATE_INFOPLIST_FILE = YES;
				INFOPLIST_FILE = MovieList/Info.plist;
				INFOPLIST_KEY_UIApplicationSupportsIndirectInputEvents = YES;
				INFOPLIST_KEY_UILaunchStoryboardName = LaunchScreen;
				INFOPLIST_KEY_UISupportedInterfaceOrientations = UIInterfaceOrientationPortrait;
				INFOPLIST_KEY_UISupportedInterfaceOrientations_iPad = "UIInterfaceOrientationLandscapeLeft UIInterfaceOrientationLandscapeRight UIInterfaceOrientationPortrait UIInterfaceOrientationPortraitUpsideDown";
				LD_RUNPATH_SEARCH_PATHS = (
					"$(inherited)",
					"@executable_path/Frameworks",
				);
				MARKETING_VERSION = 1.0;
				PRODUCT_BUNDLE_IDENTIFIER = Sasha.MovieList;
				PRODUCT_NAME = "$(TARGET_NAME)";
				SUPPORTED_PLATFORMS = "iphoneos iphonesimulator";
				SUPPORTS_MACCATALYST = NO;
				SUPPORTS_MAC_DESIGNED_FOR_IPHONE_IPAD = NO;
				SUPPORTS_XR_DESIGNED_FOR_IPHONE_IPAD = NO;
				SWIFT_EMIT_LOC_STRINGS = YES;
				SWIFT_VERSION = 5.0;
				TARGETED_DEVICE_FAMILY = 1;
			};
			name = Debug;
		};
		7C0336892C1B34E4009BF355 /* Release */ = {
			isa = XCBuildConfiguration;
			buildSettings = {
				ASSETCATALOG_COMPILER_APPICON_NAME = AppIcon;
				ASSETCATALOG_COMPILER_GLOBAL_ACCENT_COLOR_NAME = AccentColor;
				CODE_SIGN_STYLE = Automatic;
				CURRENT_PROJECT_VERSION = 1;
				DEVELOPMENT_TEAM = 243GUG75DN;
				GENERATE_INFOPLIST_FILE = YES;
				INFOPLIST_FILE = MovieList/Info.plist;
				INFOPLIST_KEY_UIApplicationSupportsIndirectInputEvents = YES;
				INFOPLIST_KEY_UILaunchStoryboardName = LaunchScreen;
				INFOPLIST_KEY_UISupportedInterfaceOrientations = UIInterfaceOrientationPortrait;
				INFOPLIST_KEY_UISupportedInterfaceOrientations_iPad = "UIInterfaceOrientationLandscapeLeft UIInterfaceOrientationLandscapeRight UIInterfaceOrientationPortrait UIInterfaceOrientationPortraitUpsideDown";
				LD_RUNPATH_SEARCH_PATHS = (
					"$(inherited)",
					"@executable_path/Frameworks",
				);
				MARKETING_VERSION = 1.0;
				PRODUCT_BUNDLE_IDENTIFIER = Sasha.MovieList;
				PRODUCT_NAME = "$(TARGET_NAME)";
				SUPPORTED_PLATFORMS = "iphoneos iphonesimulator";
				SUPPORTS_MACCATALYST = NO;
				SUPPORTS_MAC_DESIGNED_FOR_IPHONE_IPAD = NO;
				SUPPORTS_XR_DESIGNED_FOR_IPHONE_IPAD = NO;
				SWIFT_EMIT_LOC_STRINGS = YES;
				SWIFT_VERSION = 5.0;
				TARGETED_DEVICE_FAMILY = 1;
			};
			name = Release;
		};
/* End XCBuildConfiguration section */

/* Begin XCConfigurationList section */
		7C03366B2C1B34E1009BF355 /* Build configuration list for PBXProject "MovieList" */ = {
			isa = XCConfigurationList;
			buildConfigurations = (
				7C0336852C1B34E4009BF355 /* Debug */,
				7C0336862C1B34E4009BF355 /* Release */,
			);
			defaultConfigurationIsVisible = 0;
			defaultConfigurationName = Release;
		};
		7C0336872C1B34E4009BF355 /* Build configuration list for PBXNativeTarget "MovieList" */ = {
			isa = XCConfigurationList;
			buildConfigurations = (
				7C0336882C1B34E4009BF355 /* Debug */,
				7C0336892C1B34E4009BF355 /* Release */,
			);
			defaultConfigurationIsVisible = 0;
			defaultConfigurationName = Release;
		};
/* End XCConfigurationList section */

/* Begin XCVersionGroup section */
		7C03367C2C1B34E1009BF355 /* MovieList.xcdatamodeld */ = {
			isa = XCVersionGroup;
			children = (
				7C03367D2C1B34E1009BF355 /* MovieList.xcdatamodel */,
			);
			currentVersion = 7C03367D2C1B34E1009BF355 /* MovieList.xcdatamodel */;
			path = MovieList.xcdatamodeld;
			sourceTree = "<group>";
			versionGroupType = wrapper.xcdatamodel;
		};
/* End XCVersionGroup section */
	};
	rootObject = 7C0336682C1B34E1009BF355 /* Project object */;
}
